
Microsoft Visual Studio Solution File, Format Version 12.00
# Visual Studio Version 17
VisualStudioVersion = 17.3.32901.215
MinimumVisualStudioVersion = 10.0.40219.1
Project("{FAE04EC0-301F-11D3-BF4B-00C04F79EFBC}") = "lr", "lr\lr.csproj", "{3ECD7646-729A-4A0D-ADF5-24D9FE86D2A1}"
EndProject
Global
	GlobalSection(SolutionConfigurationPlatforms) = preSolution
		Debug|Any CPU = Debug|Any CPU
		Release|Any CPU = Release|Any CPU
	EndGlobalSection
	GlobalSection(ProjectConfigurationPlatforms) = postSolution
		{3ECD7646-729A-4A0D-ADF5-24D9FE86D2A1}.Debug|Any CPU.ActiveCfg = Debug|Any CPU
		{3ECD7646-729A-4A0D-ADF5-24D9FE86D2A1}.Debug|Any CPU.Build.0 = Debug|Any CPU
		{3ECD7646-729A-4A0D-ADF5-24D9FE86D2A1}.Release|Any CPU.ActiveCfg = Release|Any CPU
		{3ECD7646-729A-4A0D-ADF5-24D9FE86D2A1}.Release|Any CPU.Build.0 = Release|Any CPU
	EndGlobalSection
	GlobalSection(SolutionProperties) = preSolution
		HideSolutionNode = FALSE
	EndGlobalSection
	GlobalSection(ExtensibilityGlobals) = postSolution
		SolutionGuid = {AEFF9B22-1363-4E2E-BF2C-BE256B670BDB}
	EndGlobalSection
EndGlobal
